// !$*UTF8*$!
{
	archiveVersion = 1;
	classes = {
	};
	objectVersion = 50;
	objects = {

/* Begin PBXBuildFile section */
		CB63842626386F88001AD1E6 /* PersonBrain.swift in Sources */ = {isa = PBXBuildFile; fileRef = CB63842526386F88001AD1E6 /* PersonBrain.swift */; };
		CB63842A2638777B001AD1E6 /* ShowDetailsViewController.swift in Sources */ = {isa = PBXBuildFile; fileRef = CB6384292638777B001AD1E6 /* ShowDetailsViewController.swift */; };
		CBA7F0D62637748300F09535 /* AppDelegate.swift in Sources */ = {isa = PBXBuildFile; fileRef = CBA7F0D52637748300F09535 /* AppDelegate.swift */; };
		CBA7F0D82637748300F09535 /* SceneDelegate.swift in Sources */ = {isa = PBXBuildFile; fileRef = CBA7F0D72637748300F09535 /* SceneDelegate.swift */; };
		CBA7F0DA2637748300F09535 /* InitialLandingViewController.swift in Sources */ = {isa = PBXBuildFile; fileRef = CBA7F0D92637748300F09535 /* InitialLandingViewController.swift */; };
		CBA7F0DD2637748300F09535 /* Main.storyboard in Resources */ = {isa = PBXBuildFile; fileRef = CBA7F0DB2637748300F09535 /* Main.storyboard */; };
		CBA7F0DF2637748500F09535 /* Assets.xcassets in Resources */ = {isa = PBXBuildFile; fileRef = CBA7F0DE2637748500F09535 /* Assets.xcassets */; };
		CBA7F0E22637748500F09535 /* LaunchScreen.storyboard in Resources */ = {isa = PBXBuildFile; fileRef = CBA7F0E02637748500F09535 /* LaunchScreen.storyboard */; };
		CBA7F0F12637A63300F09535 /* Person.swift in Sources */ = {isa = PBXBuildFile; fileRef = CBA7F0F02637A63300F09535 /* Person.swift */; };
/* End PBXBuildFile section */

/* Begin PBXFileReference section */
		CB63842526386F88001AD1E6 /* PersonBrain.swift */ = {isa = PBXFileReference; lastKnownFileType = sourcecode.swift; path = PersonBrain.swift; sourceTree = "<group>"; };
		CB6384292638777B001AD1E6 /* ShowDetailsViewController.swift */ = {isa = PBXFileReference; lastKnownFileType = sourcecode.swift; path = ShowDetailsViewController.swift; sourceTree = "<group>"; };
		CBA7F0D22637748300F09535 /* Week5.app */ = {isa = PBXFileReference; explicitFileType = wrapper.application; includeInIndex = 0; path = Week5.app; sourceTree = BUILT_PRODUCTS_DIR; };
		CBA7F0D52637748300F09535 /* AppDelegate.swift */ = {isa = PBXFileReference; lastKnownFileType = sourcecode.swift; path = AppDelegate.swift; sourceTree = "<group>"; };
		CBA7F0D72637748300F09535 /* SceneDelegate.swift */ = {isa = PBXFileReference; lastKnownFileType = sourcecode.swift; path = SceneDelegate.swift; sourceTree = "<group>"; };
		CBA7F0D92637748300F09535 /* InitialLandingViewController.swift */ = {isa = PBXFileReference; lastKnownFileType = sourcecode.swift; path = InitialLandingViewController.swift; sourceTree = "<group>"; };
		CBA7F0DC2637748300F09535 /* Base */ = {isa = PBXFileReference; lastKnownFileType = file.storyboard; name = Base; path = Base.lproj/Main.storyboard; sourceTree = "<group>"; };
		CBA7F0DE2637748500F09535 /* Assets.xcassets */ = {isa = PBXFileReference; lastKnownFileType = folder.assetcatalog; path = Assets.xcassets; sourceTree = "<group>"; };
		CBA7F0E12637748500F09535 /* Base */ = {isa = PBXFileReference; lastKnownFileType = file.storyboard; name = Base; path = Base.lproj/LaunchScreen.storyboard; sourceTree = "<group>"; };
		CBA7F0E32637748500F09535 /* Info.plist */ = {isa = PBXFileReference; lastKnownFileType = text.plist.xml; path = Info.plist; sourceTree = "<group>"; };
		CBA7F0F02637A63300F09535 /* Person.swift */ = {isa = PBXFileReference; lastKnownFileType = sourcecode.swift; path = Person.swift; sourceTree = "<group>"; };
/* End PBXFileReference section */

/* Begin PBXFrameworksBuildPhase section */
		CBA7F0CF2637748300F09535 /* Frameworks */ = {
			isa = PBXFrameworksBuildPhase;
			buildActionMask = 2147483647;
			files = (
			);
			runOnlyForDeploymentPostprocessing = 0;
		};
/* End PBXFrameworksBuildPhase section */

/* Begin PBXGroup section */
		CBA7F0C92637748300F09535 = {
			isa = PBXGroup;
			children = (
				CBA7F0D42637748300F09535 /* Week5 */,
				CBA7F0D32637748300F09535 /* Products */,
			);
			sourceTree = "<group>";
		};
		CBA7F0D32637748300F09535 /* Products */ = {
			isa = PBXGroup;
			children = (
				CBA7F0D22637748300F09535 /* Week5.app */,
			);
			name = Products;
			sourceTree = "<group>";
		};
		CBA7F0D42637748300F09535 /* Week5 */ = {
			isa = PBXGroup;
			children = (
				CBA7F0EF2637A62300F09535 /* Models */,
				CBA7F0D52637748300F09535 /* AppDelegate.swift */,
				CBA7F0D72637748300F09535 /* SceneDelegate.swift */,
				CBA7F0EC2637A5DE00F09535 /* Controllers */,
				CBA7F0EA2637A5D700F09535 /* Views */,
				CBA7F0DE2637748500F09535 /* Assets.xcassets */,
				CBA7F0E02637748500F09535 /* LaunchScreen.storyboard */,
				CBA7F0E32637748500F09535 /* Info.plist */,
			);
			path = Week5;
			sourceTree = "<group>";
		};
		CBA7F0EA2637A5D700F09535 /* Views */ = {
			isa = PBXGroup;
			children = (
				CBA7F0DB2637748300F09535 /* Main.storyboard */,
			);
			path = Views;
			sourceTree = "<group>";
		};
		CBA7F0EC2637A5DE00F09535 /* Controllers */ = {
			isa = PBXGroup;
			children = (
				CBA7F0D92637748300F09535 /* InitialLandingViewController.swift */,
				CB6384292638777B001AD1E6 /* ShowDetailsViewController.swift */,
			);
			path = Controllers;
			sourceTree = "<group>";
		};
		CBA7F0EF2637A62300F09535 /* Models */ = {
			isa = PBXGroup;
			children = (
				CBA7F0F02637A63300F09535 /* Person.swift */,
				CB63842526386F88001AD1E6 /* PersonBrain.swift */,
			);
			path = Models;
			sourceTree = "<group>";
		};
/* End PBXGroup section */

/* Begin PBXNativeTarget section */
		CBA7F0D12637748300F09535 /* Week5 */ = {
			isa = PBXNativeTarget;
			buildConfigurationList = CBA7F0E62637748500F09535 /* Build configuration list for PBXNativeTarget "Week5" */;
			buildPhases = (
				CBA7F0CE2637748300F09535 /* Sources */,
				CBA7F0CF2637748300F09535 /* Frameworks */,
				CBA7F0D02637748300F09535 /* Resources */,
			);
			buildRules = (
			);
			dependencies = (
			);
			name = Week5;
			productName = Week5;
			productReference = CBA7F0D22637748300F09535 /* Week5.app */;
			productType = "com.apple.product-type.application";
		};
/* End PBXNativeTarget section */

/* Begin PBXProject section */
		CBA7F0CA2637748300F09535 /* Project object */ = {
			isa = PBXProject;
			attributes = {
				LastSwiftUpdateCheck = 1240;
				LastUpgradeCheck = 1240;
				TargetAttributes = {
					CBA7F0D12637748300F09535 = {
						CreatedOnToolsVersion = 12.4;
					};
				};
			};
			buildConfigurationList = CBA7F0CD2637748300F09535 /* Build configuration list for PBXProject "Week5" */;
			compatibilityVersion = "Xcode 9.3";
			developmentRegion = en;
			hasScannedForEncodings = 0;
			knownRegions = (
				en,
				Base,
			);
			mainGroup = CBA7F0C92637748300F09535;
			productRefGroup = CBA7F0D32637748300F09535 /* Products */;
			projectDirPath = "";
			projectRoot = "";
			targets = (
				CBA7F0D12637748300F09535 /* Week5 */,
			);
		};
/* End PBXProject section */

/* Begin PBXResourcesBuildPhase section */
		CBA7F0D02637748300F09535 /* Resources */ = {
			isa = PBXResourcesBuildPhase;
			buildActionMask = 2147483647;
			files = (
				CBA7F0E22637748500F09535 /* LaunchScreen.storyboard in Resources */,
				CBA7F0DF2637748500F09535 /* Assets.xcassets in Resources */,
				CBA7F0DD2637748300F09535 /* Main.storyboard in Resources */,
			);
			runOnlyForDeploymentPostprocessing = 0;
		};
/* End PBXResourcesBuildPhase section */

/* Begin PBXSourcesBuildPhase section */
		CBA7F0CE2637748300F09535 /* Sources */ = {
			isa = PBXSourcesBuildPhase;
			buildActionMask = 2147483647;
			files = (
				CBA7F0DA2637748300F09535 /* InitialLandingViewController.swift in Sources */,
				CB63842626386F88001AD1E6 /* PersonBrain.swift in Sources */,
				CBA7F0D62637748300F09535 /* AppDelegate.swift in Sources */,
				CBA7F0F12637A63300F09535 /* Person.swift in Sources */,
				CB63842A2638777B001AD1E6 /* ShowDetailsViewController.swift in Sources */,
				CBA7F0D82637748300F09535 /* SceneDelegate.swift in Sources */,
			);
			runOnlyForDeploymentPostprocessing = 0;
		};
/* End PBXSourcesBuildPhase section */

/* Begin PBXVariantGroup section */
		CBA7F0DB2637748300F09535 /* Main.storyboard */ = {
			isa = PBXVariantGroup;
			children = (
				CBA7F0DC2637748300F09535 /* Base */,
			);
			name = Main.storyboard;
			sourceTree = "<group>";
		};
		CBA7F0E02637748500F09535 /* LaunchScreen.storyboard */ = {
			isa = PBXVariantGroup;
			children = (
				CBA7F0E12637748500F09535 /* Base */,
			);
			name = LaunchScreen.storyboard;
			sourceTree = "<group>";
		};
/* End PBXVariantGroup section */

/* Begin XCBuildConfiguration section */
		CBA7F0E42637748500F09535 /* Debug */ = {
			isa = XCBuildConfiguration;
			buildSettings = {
				ALWAYS_SEARCH_USER_PATHS = NO;
				CLANG_ANALYZER_NONNULL = YES;
				CLANG_ANALYZER_NUMBER_OBJECT_CONVERSION = YES_AGGRESSIVE;
				CLANG_CXX_LANGUAGE_STANDARD = "gnu++14";
				CLANG_CXX_LIBRARY = "libc++";
				CLANG_ENABLE_MODULES = YES;
				CLANG_ENABLE_OBJC_ARC = YES;
				CLANG_ENABLE_OBJC_WEAK = YES;
				CLANG_WARN_BLOCK_CAPTURE_AUTORELEASING = YES;
				CLANG_WARN_BOOL_CONVERSION = YES;
				CLANG_WARN_COMMA = YES;
				CLANG_WARN_CONSTANT_CONVERSION = YES;
				CLANG_WARN_DEPRECATED_OBJC_IMPLEMENTATIONS = YES;
				CLANG_WARN_DIRECT_OBJC_ISA_USAGE = YES_ERROR;
				CLANG_WARN_DOCUMENTATION_COMMENTS = YES;
				CLANG_WARN_EMPTY_BODY = YES;
				CLANG_WARN_ENUM_CONVERSION = YES;
				CLANG_WARN_INFINITE_RECURSION = YES;
				CLANG_WARN_INT_CONVERSION = YES;
				CLANG_WARN_NON_LITERAL_NULL_CONVERSION = YES;
				CLANG_WARN_OBJC_IMPLICIT_RETAIN_SELF = YES;
				CLANG_WARN_OBJC_LITERAL_CONVERSION = YES;
				CLANG_WARN_OBJC_ROOT_CLASS = YES_ERROR;
				CLANG_WARN_QUOTED_INCLUDE_IN_FRAMEWORK_HEADER = YES;
				CLANG_WARN_RANGE_LOOP_ANALYSIS = YES;
				CLANG_WARN_STRICT_PROTOTYPES = YES;
				CLANG_WARN_SUSPICIOUS_MOVE = YES;
				CLANG_WARN_UNGUARDED_AVAILABILITY = YES_AGGRESSIVE;
				CLANG_WARN_UNREACHABLE_CODE = YES;
				CLANG_WARN__DUPLICATE_METHOD_MATCH = YES;
				COPY_PHASE_STRIP = NO;
				DEBUG_INFORMATION_FORMAT = dwarf;
				ENABLE_STRICT_OBJC_MSGSEND = YES;
				ENABLE_TESTABILITY = YES;
				GCC_C_LANGUAGE_STANDARD = gnu11;
				GCC_DYNAMIC_NO_PIC = NO;
				GCC_NO_COMMON_BLOCKS = YES;
				GCC_OPTIMIZATION_LEVEL = 0;
				GCC_PREPROCESSOR_DEFINITIONS = (
					"DEBUG=1",
					"$(inherited)",
				);
				GCC_WARN_64_TO_32_BIT_CONVERSION = YES;
				GCC_WARN_ABOUT_RETURN_TYPE = YES_ERROR;
				GCC_WARN_UNDECLARED_SELECTOR = YES;
				GCC_WARN_UNINITIALIZED_AUTOS = YES_AGGRESSIVE;
				GCC_WARN_UNUSED_FUNCTION = YES;
				GCC_WARN_UNUSED_VARIABLE = YES;
				IPHONEOS_DEPLOYMENT_TARGET = 14.4;
				MTL_ENABLE_DEBUG_INFO = INCLUDE_SOURCE;
				MTL_FAST_MATH = YES;
				ONLY_ACTIVE_ARCH = YES;
				SDKROOT = iphoneos;
				SWIFT_ACTIVE_COMPILATION_CONDITIONS = DEBUG;
				SWIFT_OPTIMIZATION_LEVEL = "-Onone";
			};
			name = Debug;
		};
		CBA7F0E52637748500F09535 /* Release */ = {
			isa = XCBuildConfiguration;
			buildSettings = {
				ALWAYS_SEARCH_USER_PATHS = NO;
				CLANG_ANALYZER_NONNULL = YES;
				CLANG_ANALYZER_NUMBER_OBJECT_CONVERSION = YES_AGGRESSIVE;
				CLANG_CXX_LANGUAGE_STANDARD = "gnu++14";
				CLANG_CXX_LIBRARY = "libc++";
				CLANG_ENABLE_MODULES = YES;
				CLANG_ENABLE_OBJC_ARC = YES;
				CLANG_ENABLE_OBJC_WEAK = YES;
				CLANG_WARN_BLOCK_CAPTURE_AUTORELEASING = YES;
				CLANG_WARN_BOOL_CONVERSION = YES;
				CLANG_WARN_COMMA = YES;
				CLANG_WARN_CONSTANT_CONVERSION = YES;
				CLANG_WARN_DEPRECATED_OBJC_IMPLEMENTATIONS = YES;
				CLANG_WARN_DIRECT_OBJC_ISA_USAGE = YES_ERROR;
				CLANG_WARN_DOCUMENTATION_COMMENTS = YES;
				CLANG_WARN_EMPTY_BODY = YES;
				CLANG_WARN_ENUM_CONVERSION = YES;
				CLANG_WARN_INFINITE_RECURSION = YES;
				CLANG_WARN_INT_CONVERSION = YES;
				CLANG_WARN_NON_LITERAL_NULL_CONVERSION = YES;
				CLANG_WARN_OBJC_IMPLICIT_RETAIN_SELF = YES;
				CLANG_WARN_OBJC_LITERAL_CONVERSION = YES;
				CLANG_WARN_OBJC_ROOT_CLASS = YES_ERROR;
				CLANG_WARN_QUOTED_INCLUDE_IN_FRAMEWORK_HEADER = YES;
				CLANG_WARN_RANGE_LOOP_ANALYSIS = YES;
				CLANG_WARN_STRICT_PROTOTYPES = YES;
				CLANG_WARN_SUSPICIOUS_MOVE = YES;
				CLANG_WARN_UNGUARDED_AVAILABILITY = YES_AGGRESSIVE;
				CLANG_WARN_UNREACHABLE_CODE = YES;
				CLANG_WARN__DUPLICATE_METHOD_MATCH = YES;
				COPY_PHASE_STRIP = NO;
				DEBUG_INFORMATION_FORMAT = "dwarf-with-dsym";
				ENABLE_NS_ASSERTIONS = NO;
				ENABLE_STRICT_OBJC_MSGSEND = YES;
				GCC_C_LANGUAGE_STANDARD = gnu11;
				GCC_NO_COMMON_BLOCKS = YES;
				GCC_WARN_64_TO_32_BIT_CONVERSION = YES;
				GCC_WARN_ABOUT_RETURN_TYPE = YES_ERROR;
				GCC_WARN_UNDECLARED_SELECTOR = YES;
				GCC_WARN_UNINITIALIZED_AUTOS = YES_AGGRESSIVE;
				GCC_WARN_UNUSED_FUNCTION = YES;
				GCC_WARN_UNUSED_VARIABLE = YES;
				IPHONEOS_DEPLOYMENT_TARGET = 14.4;
				MTL_ENABLE_DEBUG_INFO = NO;
				MTL_FAST_MATH = YES;
				SDKROOT = iphoneos;
				SWIFT_COMPILATION_MODE = wholemodule;
				SWIFT_OPTIMIZATION_LEVEL = "-O";
				VALIDATE_PRODUCT = YES;
			};
			name = Release;
		};
		CBA7F0E72637748500F09535 /* Debug */ = {
			isa = XCBuildConfiguration;
			buildSettings = {
				ASSETCATALOG_COMPILER_APPICON_NAME = AppIcon;
				ASSETCATALOG_COMPILER_GLOBAL_ACCENT_COLOR_NAME = AccentColor;
				CODE_SIGN_STYLE = Automatic;
				DEVELOPMENT_TEAM = 7DADZ6PC56;
				INFOPLIST_FILE = Week5/Info.plist;
				LD_RUNPATH_SEARCH_PATHS = (
					"$(inherited)",
					"@executable_path/Frameworks",
				);
				PRODUCT_BUNDLE_IDENTIFIER = com.charliebotello.Week5;
				PRODUCT_NAME = "$(TARGET_NAME)";
				SWIFT_VERSION = 5.0;
				TARGETED_DEVICE_FAMILY = "1,2";
			};
			name = Debug;
		};
		CBA7F0E82637748500F09535 /* Release */ = {
			isa = XCBuildConfiguration;
			buildSettings = {
				ASSETCATALOG_COMPILER_APPICON_NAME = AppIcon;
				ASSETCATALOG_COMPILER_GLOBAL_ACCENT_COLOR_NAME = AccentColor;
				CODE_SIGN_STYLE = Automatic;
				DEVELOPMENT_TEAM = 7DADZ6PC56;
				INFOPLIST_FILE = Week5/Info.plist;
				LD_RUNPATH_SEARCH_PATHS = (
					"$(inherited)",
					"@executable_path/Frameworks",
				);
				PRODUCT_BUNDLE_IDENTIFIER = com.charliebotello.Week5;
				PRODUCT_NAME = "$(TARGET_NAME)";
				SWIFT_VERSION = 5.0;
				TARGETED_DEVICE_FAMILY = "1,2";
			};
			name = Release;
		};
/* End XCBuildConfiguration section */

/* Begin XCConfigurationList section */
		CBA7F0CD2637748300F09535 /* Build configuration list for PBXProject "Week5" */ = {
			isa = XCConfigurationList;
			buildConfigurations = (
				CBA7F0E42637748500F09535 /* Debug */,
				CBA7F0E52637748500F09535 /* Release */,
			);
			defaultConfigurationIsVisible = 0;
			defaultConfigurationName = Release;
		};
		CBA7F0E62637748500F09535 /* Build configuration list for PBXNativeTarget "Week5" */ = {
			isa = XCConfigurationList;
			buildConfigurations = (
				CBA7F0E72637748500F09535 /* Debug */,
				CBA7F0E82637748500F09535 /* Release */,
			);
			defaultConfigurationIsVisible = 0;
			defaultConfigurationName = Release;
		};
/* End XCConfigurationList section */
	};
	rootObject = CBA7F0CA2637748300F09535 /* Project object */;
}
