// !$*UTF8*$!
{
	archiveVersion = 1;
	classes = {
	};
	objectVersion = 48;
	objects = {

/* Begin PBXBuildFile section */
		53459F931F905D09005A69BD /* AppDelegate.swift in Sources */ = {isa = PBXBuildFile; fileRef = 53459F921F905D09005A69BD /* AppDelegate.swift */; };
		53459F981F905D09005A69BD /* Main.storyboard in Resources */ = {isa = PBXBuildFile; fileRef = 53459F961F905D09005A69BD /* Main.storyboard */; };
		53459F9A1F905D09005A69BD /* Assets.xcassets in Resources */ = {isa = PBXBuildFile; fileRef = 53459F991F905D09005A69BD /* Assets.xcassets */; };
		53459F9D1F905D09005A69BD /* LaunchScreen.storyboard in Resources */ = {isa = PBXBuildFile; fileRef = 53459F9B1F905D09005A69BD /* LaunchScreen.storyboard */; };
		53459FA51F905D18005A69BD /* FirstViewController.swift in Sources */ = {isa = PBXBuildFile; fileRef = 53459FA41F905D18005A69BD /* FirstViewController.swift */; };
		53459FA71F90609E005A69BD /* DetailViewController.swift in Sources */ = {isa = PBXBuildFile; fileRef = 53459FA61F90609E005A69BD /* DetailViewController.swift */; };
		53459FA91F906255005A69BD /* Person.swift in Sources */ = {isa = PBXBuildFile; fileRef = 53459FA81F906255005A69BD /* Person.swift */; };
/* End PBXBuildFile section */

/* Begin PBXFileReference section */
		53459F8F1F905D09005A69BD /* Week 5 Homework (Solutions).app */ = {isa = PBXFileReference; explicitFileType = wrapper.application; includeInIndex = 0; path = "Week 5 Homework (Solutions).app"; sourceTree = BUILT_PRODUCTS_DIR; };
		53459F921F905D09005A69BD /* AppDelegate.swift */ = {isa = PBXFileReference; lastKnownFileType = sourcecode.swift; path = AppDelegate.swift; sourceTree = "<group>"; };
		53459F971F905D09005A69BD /* Base */ = {isa = PBXFileReference; lastKnownFileType = file.storyboard; name = Base; path = Base.lproj/Main.storyboard; sourceTree = "<group>"; };
		53459F991F905D09005A69BD /* Assets.xcassets */ = {isa = PBXFileReference; lastKnownFileType = folder.assetcatalog; path = Assets.xcassets; sourceTree = "<group>"; };
		53459F9C1F905D09005A69BD /* Base */ = {isa = PBXFileReference; lastKnownFileType = file.storyboard; name = Base; path = Base.lproj/LaunchScreen.storyboard; sourceTree = "<group>"; };
		53459F9E1F905D09005A69BD /* Info.plist */ = {isa = PBXFileReference; lastKnownFileType = text.plist.xml; path = Info.plist; sourceTree = "<group>"; };
		53459FA41F905D18005A69BD /* FirstViewController.swift */ = {isa = PBXFileReference; lastKnownFileType = sourcecode.swift; path = FirstViewController.swift; sourceTree = "<group>"; };
		53459FA61F90609E005A69BD /* DetailViewController.swift */ = {isa = PBXFileReference; lastKnownFileType = sourcecode.swift; path = DetailViewController.swift; sourceTree = "<group>"; };
		53459FA81F906255005A69BD /* Person.swift */ = {isa = PBXFileReference; lastKnownFileType = sourcecode.swift; path = Person.swift; sourceTree = "<group>"; };
/* End PBXFileReference section */

/* Begin PBXFrameworksBuildPhase section */
		53459F8C1F905D09005A69BD /* Frameworks */ = {
			isa = PBXFrameworksBuildPhase;
			buildActionMask = 2147483647;
			files = (
			);
			runOnlyForDeploymentPostprocessing = 0;
		};
/* End PBXFrameworksBuildPhase section */

/* Begin PBXGroup section */
		53459F861F905D09005A69BD = {
			isa = PBXGroup;
			children = (
				53459F911F905D09005A69BD /* Week 5 Homework (Solutions) */,
				53459F901F905D09005A69BD /* Products */,
			);
			sourceTree = "<group>";
		};
		53459F901F905D09005A69BD /* Products */ = {
			isa = PBXGroup;
			children = (
				53459F8F1F905D09005A69BD /* Week 5 Homework (Solutions).app */,
			);
			name = Products;
			sourceTree = "<group>";
		};
		53459F911F905D09005A69BD /* Week 5 Homework (Solutions) */ = {
			isa = PBXGroup;
			children = (
				53459F921F905D09005A69BD /* AppDelegate.swift */,
				53459FA41F905D18005A69BD /* FirstViewController.swift */,
				53459FA61F90609E005A69BD /* DetailViewController.swift */,
				53459FA81F906255005A69BD /* Person.swift */,
				53459F961F905D09005A69BD /* Main.storyboard */,
				53459F991F905D09005A69BD /* Assets.xcassets */,
				53459F9B1F905D09005A69BD /* LaunchScreen.storyboard */,
				53459F9E1F905D09005A69BD /* Info.plist */,
			);
			path = "Week 5 Homework (Solutions)";
			sourceTree = "<group>";
		};
/* End PBXGroup section */

/* Begin PBXNativeTarget section */
		53459F8E1F905D09005A69BD /* Week 5 Homework (Solutions) */ = {
			isa = PBXNativeTarget;
			buildConfigurationList = 53459FA11F905D09005A69BD /* Build configuration list for PBXNativeTarget "Week 5 Homework (Solutions)" */;
			buildPhases = (
				53459F8B1F905D09005A69BD /* Sources */,
				53459F8C1F905D09005A69BD /* Frameworks */,
				53459F8D1F905D09005A69BD /* Resources */,
			);
			buildRules = (
			);
			dependencies = (
			);
			name = "Week 5 Homework (Solutions)";
			productName = "Week 5 Homework (Solutions)";
			productReference = 53459F8F1F905D09005A69BD /* Week 5 Homework (Solutions).app */;
			productType = "com.apple.product-type.application";
		};
/* End PBXNativeTarget section */

/* Begin PBXProject section */
		53459F871F905D09005A69BD /* Project object */ = {
			isa = PBXProject;
			attributes = {
				LastSwiftUpdateCheck = 0900;
				LastUpgradeCheck = 1130;
				ORGANIZATIONNAME = Brainstation;
				TargetAttributes = {
					53459F8E1F905D09005A69BD = {
						CreatedOnToolsVersion = 9.0;
						LastSwiftMigration = 1130;
						ProvisioningStyle = Automatic;
					};
				};
			};
			buildConfigurationList = 53459F8A1F905D09005A69BD /* Build configuration list for PBXProject "Week 5 Homework (Solutions)" */;
			compatibilityVersion = "Xcode 8.0";
			developmentRegion = en;
			hasScannedForEncodings = 0;
			knownRegions = (
				en,
				Base,
			);
			mainGroup = 53459F861F905D09005A69BD;
			productRefGroup = 53459F901F905D09005A69BD /* Products */;
			projectDirPath = "";
			projectRoot = "";
			targets = (
				53459F8E1F905D09005A69BD /* Week 5 Homework (Solutions) */,
			);
		};
/* End PBXProject section */

/* Begin PBXResourcesBuildPhase section */
		53459F8D1F905D09005A69BD /* Resources */ = {
			isa = PBXResourcesBuildPhase;
			buildActionMask = 2147483647;
			files = (
				53459F9D1F905D09005A69BD /* LaunchScreen.storyboard in Resources */,
				53459F9A1F905D09005A69BD /* Assets.xcassets in Resources */,
				53459F981F905D09005A69BD /* Main.storyboard in Resources */,
			);
			runOnlyForDeploymentPostprocessing = 0;
		};
/* End PBXResourcesBuildPhase section */

/* Begin PBXSourcesBuildPhase section */
		53459F8B1F905D09005A69BD /* Sources */ = {
			isa = PBXSourcesBuildPhase;
			buildActionMask = 2147483647;
			files = (
				53459FA71F90609E005A69BD /* DetailViewController.swift in Sources */,
				53459F931F905D09005A69BD /* AppDelegate.swift in Sources */,
				53459FA91F906255005A69BD /* Person.swift in Sources */,
				53459FA51F905D18005A69BD /* FirstViewController.swift in Sources */,
			);
			runOnlyForDeploymentPostprocessing = 0;
		};
/* End PBXSourcesBuildPhase section */

/* Begin PBXVariantGroup section */
		53459F961F905D09005A69BD /* Main.storyboard */ = {
			isa = PBXVariantGroup;
			children = (
				53459F971F905D09005A69BD /* Base */,
			);
			name = Main.storyboard;
			sourceTree = "<group>";
		};
		53459F9B1F905D09005A69BD /* LaunchScreen.storyboard */ = {
			isa = PBXVariantGroup;
			children = (
				53459F9C1F905D09005A69BD /* Base */,
			);
			name = LaunchScreen.storyboard;
			sourceTree = "<group>";
		};
/* End PBXVariantGroup section */

/* Begin XCBuildConfiguration section */
		53459F9F1F905D09005A69BD /* Debug */ = {
			isa = XCBuildConfiguration;
			buildSettings = {
				ALWAYS_SEARCH_USER_PATHS = NO;
				CLANG_ANALYZER_NONNULL = YES;
				CLANG_ANALYZER_NUMBER_OBJECT_CONVERSION = YES_AGGRESSIVE;
				CLANG_CXX_LANGUAGE_STANDARD = "gnu++14";
				CLANG_CXX_LIBRARY = "libc++";
				CLANG_ENABLE_MODULES = YES;
				CLANG_ENABLE_OBJC_ARC = YES;
				CLANG_WARN_BLOCK_CAPTURE_AUTORELEASING = YES;
				CLANG_WARN_BOOL_CONVERSION = YES;
				CLANG_WARN_COMMA = YES;
				CLANG_WARN_CONSTANT_CONVERSION = YES;
				CLANG_WARN_DEPRECATED_OBJC_IMPLEMENTATIONS = YES;
				CLANG_WARN_DIRECT_OBJC_ISA_USAGE = YES_ERROR;
				CLANG_WARN_DOCUMENTATION_COMMENTS = YES;
				CLANG_WARN_EMPTY_BODY = YES;
				CLANG_WARN_ENUM_CONVERSION = YES;
				CLANG_WARN_INFINITE_RECURSION = YES;
				CLANG_WARN_INT_CONVERSION = YES;
				CLANG_WARN_NON_LITERAL_NULL_CONVERSION = YES;
				CLANG_WARN_OBJC_IMPLICIT_RETAIN_SELF = YES;
				CLANG_WARN_OBJC_LITERAL_CONVERSION = YES;
				CLANG_WARN_OBJC_ROOT_CLASS = YES_ERROR;
				CLANG_WARN_RANGE_LOOP_ANALYSIS = YES;
				CLANG_WARN_STRICT_PROTOTYPES = YES;
				CLANG_WARN_SUSPICIOUS_MOVE = YES;
				CLANG_WARN_UNGUARDED_AVAILABILITY = YES_AGGRESSIVE;
				CLANG_WARN_UNREACHABLE_CODE = YES;
				CLANG_WARN__DUPLICATE_METHOD_MATCH = YES;
				CODE_SIGN_IDENTITY = "iPhone Developer";
				COPY_PHASE_STRIP = NO;
				DEBUG_INFORMATION_FORMAT = dwarf;
				ENABLE_STRICT_OBJC_MSGSEND = YES;
				ENABLE_TESTABILITY = YES;
				GCC_C_LANGUAGE_STANDARD = gnu11;
				GCC_DYNAMIC_NO_PIC = NO;
				GCC_NO_COMMON_BLOCKS = YES;
				GCC_OPTIMIZATION_LEVEL = 0;
				GCC_PREPROCESSOR_DEFINITIONS = (
					"DEBUG=1",
					"$(inherited)",
				);
				GCC_WARN_64_TO_32_BIT_CONVERSION = YES;
				GCC_WARN_ABOUT_RETURN_TYPE = YES_ERROR;
				GCC_WARN_UNDECLARED_SELECTOR = YES;
				GCC_WARN_UNINITIALIZED_AUTOS = YES_AGGRESSIVE;
				GCC_WARN_UNUSED_FUNCTION = YES;
				GCC_WARN_UNUSED_VARIABLE = YES;
				IPHONEOS_DEPLOYMENT_TARGET = 11.0;
				MTL_ENABLE_DEBUG_INFO = YES;
				ONLY_ACTIVE_ARCH = YES;
				SDKROOT = iphoneos;
				SWIFT_ACTIVE_COMPILATION_CONDITIONS = DEBUG;
				SWIFT_OPTIMIZATION_LEVEL = "-Onone";
			};
			name = Debug;
		};
		53459FA01F905D09005A69BD /* Release */ = {
			isa = XCBuildConfiguration;
			buildSettings = {
				ALWAYS_SEARCH_USER_PATHS = NO;
				CLANG_ANALYZER_NONNULL = YES;
				CLANG_ANALYZER_NUMBER_OBJECT_CONVERSION = YES_AGGRESSIVE;
				CLANG_CXX_LANGUAGE_STANDARD = "gnu++14";
				CLANG_CXX_LIBRARY = "libc++";
				CLANG_ENABLE_MODULES = YES;
				CLANG_ENABLE_OBJC_ARC = YES;
				CLANG_WARN_BLOCK_CAPTURE_AUTORELEASING = YES;
				CLANG_WARN_BOOL_CONVERSION = YES;
				CLANG_WARN_COMMA = YES;
				CLANG_WARN_CONSTANT_CONVERSION = YES;
				CLANG_WARN_DEPRECATED_OBJC_IMPLEMENTATIONS = YES;
				CLANG_WARN_DIRECT_OBJC_ISA_USAGE = YES_ERROR;
				CLANG_WARN_DOCUMENTATION_COMMENTS = YES;
				CLANG_WARN_EMPTY_BODY = YES;
				CLANG_WARN_ENUM_CONVERSION = YES;
				CLANG_WARN_INFINITE_RECURSION = YES;
				CLANG_WARN_INT_CONVERSION = YES;
				CLANG_WARN_NON_LITERAL_NULL_CONVERSION = YES;
				CLANG_WARN_OBJC_IMPLICIT_RETAIN_SELF = YES;
				CLANG_WARN_OBJC_LITERAL_CONVERSION = YES;
				CLANG_WARN_OBJC_ROOT_CLASS = YES_ERROR;
				CLANG_WARN_RANGE_LOOP_ANALYSIS = YES;
				CLANG_WARN_STRICT_PROTOTYPES = YES;
				CLANG_WARN_SUSPICIOUS_MOVE = YES;
				CLANG_WARN_UNGUARDED_AVAILABILITY = YES_AGGRESSIVE;
				CLANG_WARN_UNREACHABLE_CODE = YES;
				CLANG_WARN__DUPLICATE_METHOD_MATCH = YES;
				CODE_SIGN_IDENTITY = "iPhone Developer";
				COPY_PHASE_STRIP = NO;
				DEBUG_INFORMATION_FORMAT = "dwarf-with-dsym";
				ENABLE_NS_ASSERTIONS = NO;
				ENABLE_STRICT_OBJC_MSGSEND = YES;
				GCC_C_LANGUAGE_STANDARD = gnu11;
				GCC_NO_COMMON_BLOCKS = YES;
				GCC_WARN_64_TO_32_BIT_CONVERSION = YES;
				GCC_WARN_ABOUT_RETURN_TYPE = YES_ERROR;
				GCC_WARN_UNDECLARED_SELECTOR = YES;
				GCC_WARN_UNINITIALIZED_AUTOS = YES_AGGRESSIVE;
				GCC_WARN_UNUSED_FUNCTION = YES;
				GCC_WARN_UNUSED_VARIABLE = YES;
				IPHONEOS_DEPLOYMENT_TARGET = 11.0;
				MTL_ENABLE_DEBUG_INFO = NO;
				SDKROOT = iphoneos;
				SWIFT_OPTIMIZATION_LEVEL = "-Owholemodule";
				VALIDATE_PRODUCT = YES;
			};
			name = Release;
		};
		53459FA21F905D09005A69BD /* Debug */ = {
			isa = XCBuildConfiguration;
			buildSettings = {
				ASSETCATALOG_COMPILER_APPICON_NAME = AppIcon;
				CODE_SIGN_STYLE = Automatic;
				INFOPLIST_FILE = "Week 5 Homework (Solutions)/Info.plist";
				LD_RUNPATH_SEARCH_PATHS = "$(inherited) @executable_path/Frameworks";
				PRODUCT_BUNDLE_IDENTIFIER = "io.brainstation.Week-5-Homework--Solutions-";
				PRODUCT_NAME = "$(TARGET_NAME)";
				SWIFT_VERSION = 5.0;
				TARGETED_DEVICE_FAMILY = "1,2";
			};
			name = Debug;
		};
		53459FA31F905D09005A69BD /* Release */ = {
			isa = XCBuildConfiguration;
			buildSettings = {
				ASSETCATALOG_COMPILER_APPICON_NAME = AppIcon;
				CODE_SIGN_STYLE = Automatic;
				INFOPLIST_FILE = "Week 5 Homework (Solutions)/Info.plist";
				LD_RUNPATH_SEARCH_PATHS = "$(inherited) @executable_path/Frameworks";
				PRODUCT_BUNDLE_IDENTIFIER = "io.brainstation.Week-5-Homework--Solutions-";
				PRODUCT_NAME = "$(TARGET_NAME)";
				SWIFT_VERSION = 5.0;
				TARGETED_DEVICE_FAMILY = "1,2";
			};
			name = Release;
		};
/* End XCBuildConfiguration section */

/* Begin XCConfigurationList section */
		53459F8A1F905D09005A69BD /* Build configuration list for PBXProject "Week 5 Homework (Solutions)" */ = {
			isa = XCConfigurationList;
			buildConfigurations = (
				53459F9F1F905D09005A69BD /* Debug */,
				53459FA01F905D09005A69BD /* Release */,
			);
			defaultConfigurationIsVisible = 0;
			defaultConfigurationName = Release;
		};
		53459FA11F905D09005A69BD /* Build configuration list for PBXNativeTarget "Week 5 Homework (Solutions)" */ = {
			isa = XCConfigurationList;
			buildConfigurations = (
				53459FA21F905D09005A69BD /* Debug */,
				53459FA31F905D09005A69BD /* Release */,
			);
			defaultConfigurationIsVisible = 0;
			defaultConfigurationName = Release;
		};
/* End XCConfigurationList section */
	};
	rootObject = 53459F871F905D09005A69BD /* Project object */;
}
